{
  "name": "actions",
  "version": "1.0.0",
  "lockfileVersion": 3,
  "requires": true,
  "packages": {
    "": {
      "name": "actions",
      "version": "1.0.0",
      "license": "ISC",
      "dependencies": {
        "@supabase/supabase-js": "^1.22.3",
        "octokit": "^1.1.0"
      },
      "devDependencies": {
        "dotenv": "^11.0.0"
      }
    },
    "node_modules/@octokit/app": {
      "version": "12.0.3",
      "resolved": "https://registry.npmjs.org/@octokit/app/-/app-12.0.3.tgz",
      "integrity": "sha512-ag/g5ufxZl+t93b19WBdrg+7GLq3IgPsGb5z/xqjyCsV2tr7i2Dqjrah/IbTJ4ncNE7iIvMQI5/vKjiSSUxqCg==",
      "dependencies": {
        "@octokit/auth-app": "^3.3.0",
        "@octokit/auth-unauthenticated": "^2.0.4",
        "@octokit/core": "^3.4.0",
        "@octokit/oauth-app": "^3.3.2",
        "@octokit/plugin-paginate-rest": "^2.13.3",
        "@octokit/types": "^6.13.0",
        "@octokit/webhooks": "^9.0.1"
      }
    },
    "node_modules/@octokit/auth-app": {
      "version": "3.5.3",
      "resolved": "https://registry.npmjs.org/@octokit/auth-app/-/auth-app-3.5.3.tgz",
      "integrity": "sha512-KB5pZCQ3lN9U47+dTAPlyzQO4bFwaaJClnMI2vOYJC0HPm7mGxZ1m/xG7Tk2rn6g07Ei6n06vYoWvuuuHYkXNA==",
      "dependencies": {
        "@octokit/auth-oauth-app": "^4.3.0",
        "@octokit/auth-oauth-user": "^1.2.3",
        "@octokit/request": "^5.6.0",
        "@octokit/request-error": "^2.1.0",
        "@octokit/types": "^6.0.3",
        "@types/lru-cache": "^5.1.0",
        "deprecation": "^2.3.1",
        "lru-cache": "^6.0.0",
        "universal-github-app-jwt": "^1.0.1",
        "universal-user-agent": "^6.0.0"
      }
    },
    "node_modules/@octokit/auth-oauth-app": {
      "version": "4.3.0",
      "resolved": "https://registry.npmjs.org/@octokit/auth-oauth-app/-/auth-oauth-app-4.3.0.tgz",
      "integrity": "sha512-cETmhmOQRHCz6cLP7StThlJROff3A/ln67Q961GuIr9zvyFXZ4lIJy9RE6Uw5O7D8IXWPU3jhDnG47FTSGQr8Q==",
      "dependencies": {
        "@octokit/auth-oauth-device": "^3.1.1",
        "@octokit/auth-oauth-user": "^1.2.1",
        "@octokit/request": "^5.3.0",
        "@octokit/types": "^6.0.3",
        "@types/btoa-lite": "^1.0.0",
        "btoa-lite": "^1.0.0",
        "universal-user-agent": "^6.0.0"
      }
    },
    "node_modules/@octokit/auth-oauth-device": {
      "version": "3.1.2",
      "resolved": "https://registry.npmjs.org/@octokit/auth-oauth-device/-/auth-oauth-device-3.1.2.tgz",
      "integrity": "sha512-w7Po4Ck6N2aAn2VQyKLuojruiyKROTBv4qs6IwE5rbwF7HhBXXp4A/NKmkpoFIZkiXQtM+N8QtkSck4ApYWdGg==",
      "dependencies": {
        "@octokit/oauth-methods": "^1.1.0",
        "@octokit/request": "^5.4.14",
        "@octokit/types": "^6.10.0",
        "universal-user-agent": "^6.0.0"
      }
    },
    "node_modules/@octokit/auth-oauth-user": {
      "version": "1.3.0",
      "resolved": "https://registry.npmjs.org/@octokit/auth-oauth-user/-/auth-oauth-user-1.3.0.tgz",
      "integrity": "sha512-3QC/TAdk7onnxfyZ24BnJRfZv8TRzQK7SEFUS9vLng4Vv6Hv6I64ujdk/CUkREec8lhrwU764SZ/d+yrjjqhaQ==",
      "dependencies": {
        "@octokit/auth-oauth-device": "^3.1.1",
        "@octokit/oauth-methods": "^1.1.0",
        "@octokit/request": "^5.4.14",
        "@octokit/types": "^6.12.2",
        "btoa-lite": "^1.0.0",
        "universal-user-agent": "^6.0.0"
      }
    },
    "node_modules/@octokit/auth-token": {
      "version": "2.4.5",
      "resolved": "https://registry.npmjs.org/@octokit/auth-token/-/auth-token-2.4.5.tgz",
      "integrity": "sha512-BpGYsPgJt05M7/L/5FoE1PiAbdxXFZkX/3kDYcsvd1v6UhlnE5e96dTDr0ezX/EFwciQxf3cNV0loipsURU+WA==",
      "dependencies": {
        "@octokit/types": "^6.0.3"
      }
    },
    "node_modules/@octokit/auth-unauthenticated": {
      "version": "2.1.0",
      "resolved": "https://registry.npmjs.org/@octokit/auth-unauthenticated/-/auth-unauthenticated-2.1.0.tgz",
      "integrity": "sha512-+baofLfSL0CAv3CfGQ9rxiZZQEX8VNJMGuuS4PgrMRBUL52Ho5+hQYb63UJQshw7EXYMPDZxbXznc0y33cbPqw==",
      "dependencies": {
        "@octokit/request-error": "^2.1.0",
        "@octokit/types": "^6.0.3"
      }
    },
    "node_modules/@octokit/core": {
      "version": "3.5.1",
      "resolved": "https://registry.npmjs.org/@octokit/core/-/core-3.5.1.tgz",
      "integrity": "sha512-omncwpLVxMP+GLpLPgeGJBF6IWJFjXDS5flY5VbppePYX9XehevbDykRH9PdCdvqt9TS5AOTiDide7h0qrkHjw==",
      "dependencies": {
        "@octokit/auth-token": "^2.4.4",
        "@octokit/graphql": "^4.5.8",
        "@octokit/request": "^5.6.0",
        "@octokit/request-error": "^2.0.5",
        "@octokit/types": "^6.0.3",
        "before-after-hook": "^2.2.0",
        "universal-user-agent": "^6.0.0"
      }
    },
    "node_modules/@octokit/endpoint": {
      "version": "6.0.12",
      "resolved": "https://registry.npmjs.org/@octokit/endpoint/-/endpoint-6.0.12.tgz",
      "integrity": "sha512-lF3puPwkQWGfkMClXb4k/eUT/nZKQfxinRWJrdZaJO85Dqwo/G0yOC434Jr2ojwafWJMYqFGFa5ms4jJUgujdA==",
      "dependencies": {
        "@octokit/types": "^6.0.3",
        "is-plain-object": "^5.0.0",
        "universal-user-agent": "^6.0.0"
      }
    },
    "node_modules/@octokit/graphql": {
      "version": "4.6.4",
      "resolved": "https://registry.npmjs.org/@octokit/graphql/-/graphql-4.6.4.tgz",
      "integrity": "sha512-SWTdXsVheRmlotWNjKzPOb6Js6tjSqA2a8z9+glDJng0Aqjzti8MEWOtuT8ZSu6wHnci7LZNuarE87+WJBG4vg==",
      "dependencies": {
        "@octokit/request": "^5.6.0",
        "@octokit/types": "^6.0.3",
        "universal-user-agent": "^6.0.0"
      }
    },
    "node_modules/@octokit/oauth-app": {
      "version": "3.4.0",
      "resolved": "https://registry.npmjs.org/@octokit/oauth-app/-/oauth-app-3.4.0.tgz",
      "integrity": "sha512-aJc/undC6y2kiuJFHLiBI3QM6Qc/IGvnIoPvrmTHLQoqM9DqeSxevkfbdfZVUPnxpbBYwuTBcoVKoPbxxUBMKA==",
      "dependencies": {
        "@octokit/auth-oauth-app": "^4.0.0",
        "@octokit/auth-oauth-user": "^1.3.0",
        "@octokit/auth-unauthenticated": "^2.0.0",
        "@octokit/core": "^3.3.2",
        "@octokit/oauth-authorization-url": "^4.2.1",
        "@octokit/oauth-methods": "^1.2.2",
        "fromentries": "^1.3.1",
        "universal-user-agent": "^6.0.0"
      }
    },
    "node_modules/@octokit/oauth-authorization-url": {
      "version": "4.3.2",
      "resolved": "https://registry.npmjs.org/@octokit/oauth-authorization-url/-/oauth-authorization-url-4.3.2.tgz",
      "integrity": "sha512-CkKc5+clTSd8nNAtwQWzBewASIpgxO8tEtU75AbVsjDuwDIDj9F0uJ5fjGvsa2rwkc8kP4CxTk5dvEe38SfbLA=="
    },
    "node_modules/@octokit/oauth-methods": {
      "version": "1.2.4",
      "resolved": "https://registry.npmjs.org/@octokit/oauth-methods/-/oauth-methods-1.2.4.tgz",
      "integrity": "sha512-85hen2Dkpnmy2PGfVFe7Ke9rUo//nlqUcHE4GiQBHJ7D95rAm19GcRO49LlH6NOXOMdEFj7i/Ay5GVDRrAk38w==",
      "dependencies": {
        "@octokit/oauth-authorization-url": "^4.3.1",
        "@octokit/request": "^5.4.14",
        "@octokit/request-error": "^2.0.5",
        "@octokit/types": "^6.12.2",
        "btoa-lite": "^1.0.0"
      }
    },
    "node_modules/@octokit/openapi-types": {
      "version": "9.2.0",
      "resolved": "https://registry.npmjs.org/@octokit/openapi-types/-/openapi-types-9.2.0.tgz",
      "integrity": "sha512-c4A1Xm0At+ypvBfEETREu519wLncJYQXvY+dBGg/V5YA51eg5EwdDsPPfcOMG0cuXscqRvsIgIySTmTJUdcTNA=="
    },
    "node_modules/@octokit/plugin-paginate-rest": {
      "version": "2.14.0",
      "resolved": "https://registry.npmjs.org/@octokit/plugin-paginate-rest/-/plugin-paginate-rest-2.14.0.tgz",
      "integrity": "sha512-S2uEu2uHeI7Vf+Lvj8tv3O5/5TCAa8GHS0dUQN7gdM7vKA6ZHAbR6HkAVm5yMb1mbedLEbxOuQ+Fa0SQ7tCDLA==",
      "dependencies": {
        "@octokit/types": "^6.18.0"
      },
      "peerDependencies": {
        "@octokit/core": ">=2"
      }
    },
    "node_modules/@octokit/plugin-rest-endpoint-methods": {
      "version": "5.5.2",
      "resolved": "https://registry.npmjs.org/@octokit/plugin-rest-endpoint-methods/-/plugin-rest-endpoint-methods-5.5.2.tgz",
      "integrity": "sha512-1ArooY7AYQdUd2zyqWLFHQ6gver9PvZSiuM+EPAsDplv1Y6u8zHl6yZ7yGIgaf7xvWupwUkJS2WttGYyb1P0DQ==",
      "dependencies": {
        "@octokit/types": "^6.22.0",
        "deprecation": "^2.3.1"
      },
      "peerDependencies": {
        "@octokit/core": ">=3"
      }
    },
    "node_modules/@octokit/plugin-retry": {
      "version": "3.0.9",
      "resolved": "https://registry.npmjs.org/@octokit/plugin-retry/-/plugin-retry-3.0.9.tgz",
      "integrity": "sha512-r+fArdP5+TG6l1Rv/C9hVoty6tldw6cE2pRHNGmFPdyfrc696R6JjrQ3d7HdVqGwuzfyrcaLAKD7K8TX8aehUQ==",
      "dependencies": {
        "@octokit/types": "^6.0.3",
        "bottleneck": "^2.15.3"
      }
    },
    "node_modules/@octokit/plugin-throttling": {
      "version": "3.5.1",
      "resolved": "https://registry.npmjs.org/@octokit/plugin-throttling/-/plugin-throttling-3.5.1.tgz",
      "integrity": "sha512-d2jh3/RZo98DRw2J0jFxhKz7nrTGalGdkfRtxM+pI5k1wRb4BKBjiuE9cuZnhZyj+zLC1EcIptj7K+28LJZ3eA==",
      "dependencies": {
        "@octokit/types": "^6.0.1",
        "bottleneck": "^2.15.3"
      },
      "peerDependencies": {
        "@octokit/core": "^3.5.0"
      }
    },
    "node_modules/@octokit/request": {
      "version": "5.6.0",
      "resolved": "https://registry.npmjs.org/@octokit/request/-/request-5.6.0.tgz",
      "integrity": "sha512-4cPp/N+NqmaGQwbh3vUsYqokQIzt7VjsgTYVXiwpUP2pxd5YiZB2XuTedbb0SPtv9XS7nzAKjAuQxmY8/aZkiA==",
      "dependencies": {
        "@octokit/endpoint": "^6.0.1",
        "@octokit/request-error": "^2.1.0",
        "@octokit/types": "^6.16.1",
        "is-plain-object": "^5.0.0",
        "node-fetch": "^2.6.1",
        "universal-user-agent": "^6.0.0"
      }
    },
    "node_modules/@octokit/request-error": {
      "version": "2.1.0",
      "resolved": "https://registry.npmjs.org/@octokit/request-error/-/request-error-2.1.0.tgz",
      "integrity": "sha512-1VIvgXxs9WHSjicsRwq8PlR2LR2x6DwsJAaFgzdi0JfJoGSO8mYI/cHJQ+9FbN21aa+DrgNLnwObmyeSC8Rmpg==",
      "dependencies": {
        "@octokit/types": "^6.0.3",
        "deprecation": "^2.0.0",
        "once": "^1.4.0"
      }
    },
    "node_modules/@octokit/types": {
      "version": "6.22.0",
      "resolved": "https://registry.npmjs.org/@octokit/types/-/types-6.22.0.tgz",
      "integrity": "sha512-Y8GR0BJHQDpO09qw/ZQpN+DXrFzCWaE0pvK4frDm3zJ+h99AktsFfBoDazbCtHxiL8d0jD8xRH4BeynlKLeChg==",
      "dependencies": {
        "@octokit/openapi-types": "^9.2.0"
      }
    },
    "node_modules/@octokit/webhooks": {
      "version": "9.11.0",
      "resolved": "https://registry.npmjs.org/@octokit/webhooks/-/webhooks-9.11.0.tgz",
      "integrity": "sha512-0pgBcPtpSIfvJX4COVQbbAL2kndKYLC0kHxnqOEschoVUClLaU7f8xkNX9royJF4vg9dc2AVHVvd9QC8yVrdVw==",
      "dependencies": {
        "@octokit/request-error": "^2.0.2",
        "@octokit/webhooks-methods": "^2.0.0",
        "@octokit/webhooks-types": "4.2.0",
        "aggregate-error": "^3.1.0"
      }
    },
    "node_modules/@octokit/webhooks-methods": {
      "version": "2.0.0",
      "resolved": "https://registry.npmjs.org/@octokit/webhooks-methods/-/webhooks-methods-2.0.0.tgz",
      "integrity": "sha512-35cfQ4YWlnZnmZKmIxlGPUPLtbkF8lr/A/1Sk1eC0ddLMwQN06dOuLc+dI3YLQS+T+MoNt3DIQ0NynwgKPilig=="
    },
    "node_modules/@octokit/webhooks-types": {
      "version": "4.2.0",
      "resolved": "https://registry.npmjs.org/@octokit/webhooks-types/-/webhooks-types-4.2.0.tgz",
      "integrity": "sha512-BbWkXK0ZLE2BXF7OKlrK5B7nCqgawEiZ7orzLls5rLZlepHy1LtFlh2DSe3McqJznlBh0JRk+/eUowgXfmKmIw=="
    },
    "node_modules/@supabase/gotrue-js": {
      "version": "1.17.0",
      "resolved": "https://registry.npmjs.org/@supabase/gotrue-js/-/gotrue-js-1.17.0.tgz",
      "integrity": "sha512-c+GSSoW+PIT3/r7TnBdc4gPjtWDutO/2ROafSKUFl39Pb8aHIUbUvzK9sjuedaaLKH7bV8VefuRy2L8c0BUAzg==",
      "dependencies": {
        "cross-fetch": "^3.0.6"
      }
    },
    "node_modules/@supabase/postgrest-js": {
      "version": "0.33.3",
      "resolved": "https://registry.npmjs.org/@supabase/postgrest-js/-/postgrest-js-0.33.3.tgz",
      "integrity": "sha512-OWybVcjjopdUIC9xltnjmNUfCpEV5TBN8BIq8GIL6pCdArXyHvYHlEQsDjPdumPEWIBF8Y8thVasJ5E8O2Gt5Q==",
      "dependencies": {
        "cross-fetch": "^3.0.6"
      }
    },
    "node_modules/@supabase/realtime-js": {
      "version": "1.1.3",
      "resolved": "https://registry.npmjs.org/@supabase/realtime-js/-/realtime-js-1.1.3.tgz",
      "integrity": "sha512-zVquwxiv8xnjrh3n/WWbdsv6L39sq5vFBrlkKcRaJ/m9iT5HdLfa2hvCwmp0eaeExvDoJnaQ0u/gPBmTrq4xqw==",
      "dependencies": {
        "@types/websocket": "^1.0.3",
        "websocket": "^1.0.34"
      }
    },
    "node_modules/@supabase/storage-js": {
      "version": "1.4.1",
      "resolved": "https://registry.npmjs.org/@supabase/storage-js/-/storage-js-1.4.1.tgz",
      "integrity": "sha512-sMhFbuiSPh31m5NPuEZmDVbOLe0QjvkOVXceGk0J1KtApz+3LOXf+BZLNG8Ss9djc8ZkT2HWgu/m8cunJm9Mig==",
      "dependencies": {
        "cross-fetch": "^3.1.0"
      }
    },
    "node_modules/@supabase/supabase-js": {
      "version": "1.22.3",
      "resolved": "https://registry.npmjs.org/@supabase/supabase-js/-/supabase-js-1.22.3.tgz",
      "integrity": "sha512-TJW7JiSrYvnp4S5QqDfJ8x2nA70tBhZXmH4tcTgocWaEVqIxfBH7ynRjlVCM4Mu981KeJyOrxN2QAW2rRKDS8w==",
      "dependencies": {
        "@supabase/gotrue-js": "^1.17.0",
        "@supabase/postgrest-js": "^0.33.1",
        "@supabase/realtime-js": "^1.1.3",
        "@supabase/storage-js": "^1.4.0"
      }
    },
    "node_modules/@types/btoa-lite": {
      "version": "1.0.0",
      "resolved": "https://registry.npmjs.org/@types/btoa-lite/-/btoa-lite-1.0.0.tgz",
      "integrity": "sha512-wJsiX1tosQ+J5+bY5LrSahHxr2wT+uME5UDwdN1kg4frt40euqA+wzECkmq4t5QbveHiJepfdThgQrPw6KiSlg=="
    },
    "node_modules/@types/jsonwebtoken": {
      "version": "8.5.4",
      "resolved": "https://registry.npmjs.org/@types/jsonwebtoken/-/jsonwebtoken-8.5.4.tgz",
      "integrity": "sha512-4L8msWK31oXwdtC81RmRBAULd0ShnAHjBuKT9MRQpjP0piNrZdXyTRcKY9/UIfhGeKIT4PvF5amOOUbbT/9Wpg==",
      "dependencies": {
        "@types/node": "*"
      }
    },
    "node_modules/@types/lru-cache": {
      "version": "5.1.1",
      "resolved": "https://registry.npmjs.org/@types/lru-cache/-/lru-cache-5.1.1.tgz",
      "integrity": "sha512-ssE3Vlrys7sdIzs5LOxCzTVMsU7i9oa/IaW92wF32JFb3CVczqOkru2xspuKczHEbG3nvmPY7IFqVmGGHdNbYw=="
    },
    "node_modules/@types/node": {
      "version": "16.4.7",
      "resolved": "https://registry.npmjs.org/@types/node/-/node-16.4.7.tgz",
      "integrity": "sha512-aDDY54sst8sx47CWT6QQqIZp45yURq4dic0+HCYfYNcY5Ejlb/CLmFnRLfy3wQuYafOeh3lB/DAKaqRKBtcZmA=="
    },
    "node_modules/@types/websocket": {
      "version": "1.0.4",
      "resolved": "https://registry.npmjs.org/@types/websocket/-/websocket-1.0.4.tgz",
      "integrity": "sha512-qn1LkcFEKK8RPp459jkjzsfpbsx36BBt3oC3pITYtkoBw/aVX+EZFa5j3ThCRTNpLFvIMr5dSTD4RaMdilIOpA==",
      "dependencies": {
        "@types/node": "*"
      }
    },
    "node_modules/aggregate-error": {
      "version": "3.1.0",
      "resolved": "https://registry.npmjs.org/aggregate-error/-/aggregate-error-3.1.0.tgz",
      "integrity": "sha512-4I7Td01quW/RpocfNayFdFVk1qSuoh0E7JrbRJ16nH01HhKFQ88INq9Sd+nd72zqRySlr9BmDA8xlEJ6vJMrYA==",
      "dependencies": {
        "clean-stack": "^2.0.0",
        "indent-string": "^4.0.0"
      },
      "engines": {
        "node": ">=8"
      }
    },
    "node_modules/before-after-hook": {
      "version": "2.2.2",
      "resolved": "https://registry.npmjs.org/before-after-hook/-/before-after-hook-2.2.2.tgz",
      "integrity": "sha512-3pZEU3NT5BFUo/AD5ERPWOgQOCZITni6iavr5AUw5AUwQjMlI0kzu5btnyD39AF0gUEsDPwJT+oY1ORBJijPjQ=="
    },
    "node_modules/bottleneck": {
      "version": "2.19.5",
      "resolved": "https://registry.npmjs.org/bottleneck/-/bottleneck-2.19.5.tgz",
      "integrity": "sha512-VHiNCbI1lKdl44tGrhNfU3lup0Tj/ZBMJB5/2ZbNXRCPuRCO7ed2mgcK4r17y+KB2EfuYuRaVlwNbAeaWGSpbw=="
    },
    "node_modules/btoa-lite": {
      "version": "1.0.0",
      "resolved": "https://registry.npmjs.org/btoa-lite/-/btoa-lite-1.0.0.tgz",
      "integrity": "sha1-M3dm2hWAEhD92VbCLpxokaudAzc="
    },
    "node_modules/buffer-equal-constant-time": {
      "version": "1.0.1",
      "resolved": "https://registry.npmjs.org/buffer-equal-constant-time/-/buffer-equal-constant-time-1.0.1.tgz",
      "integrity": "sha1-+OcRMvf/5uAaXJaXpMbz5I1cyBk="
    },
    "node_modules/bufferutil": {
      "version": "4.0.3",
      "resolved": "https://registry.npmjs.org/bufferutil/-/bufferutil-4.0.3.tgz",
      "integrity": "sha512-yEYTwGndELGvfXsImMBLop58eaGW+YdONi1fNjTINSY98tmMmFijBG6WXgdkfuLNt4imzQNtIE+eBp1PVpMCSw==",
      "hasInstallScript": true,
      "dependencies": {
        "node-gyp-build": "^4.2.0"
      }
    },
    "node_modules/clean-stack": {
      "version": "2.2.0",
      "resolved": "https://registry.npmjs.org/clean-stack/-/clean-stack-2.2.0.tgz",
      "integrity": "sha512-4diC9HaTE+KRAMWhDhrGOECgWZxoevMc5TlkObMqNSsVU62PYzXZ/SMTjzyGAFF1YusgxGcSWTEXBhp0CPwQ1A==",
      "engines": {
        "node": ">=6"
      }
    },
    "node_modules/cross-fetch": {
      "version": "3.1.4",
      "resolved": "https://registry.npmjs.org/cross-fetch/-/cross-fetch-3.1.4.tgz",
      "integrity": "sha512-1eAtFWdIubi6T4XPy6ei9iUFoKpUkIF971QLN8lIvvvwueI65+Nw5haMNKUwfJxabqlIIDODJKGrQ66gxC0PbQ==",
      "dependencies": {
        "node-fetch": "2.6.1"
      }
    },
    "node_modules/d": {
      "version": "1.0.1",
      "resolved": "https://registry.npmjs.org/d/-/d-1.0.1.tgz",
      "integrity": "sha512-m62ShEObQ39CfralilEQRjH6oAMtNCV1xJyEx5LpRYUVN+EviphDgUc/F3hnYbADmkiNs67Y+3ylmlG7Lnu+FA==",
      "dependencies": {
        "es5-ext": "^0.10.50",
        "type": "^1.0.1"
      }
    },
    "node_modules/debug": {
      "version": "2.6.9",
      "resolved": "https://registry.npmjs.org/debug/-/debug-2.6.9.tgz",
      "integrity": "sha512-bC7ElrdJaJnPbAP+1EotYvqZsb3ecl5wi6Bfi6BJTUcNowp6cvspg0jXznRTKDjm/E7AdgFBVeAPVMNcKGsHMA==",
      "dependencies": {
        "ms": "2.0.0"
      }
    },
    "node_modules/debug/node_modules/ms": {
      "version": "2.0.0",
      "resolved": "https://registry.npmjs.org/ms/-/ms-2.0.0.tgz",
      "integrity": "sha1-VgiurfwAvmwpAd9fmGF4jeDVl8g="
    },
    "node_modules/deprecation": {
      "version": "2.3.1",
      "resolved": "https://registry.npmjs.org/deprecation/-/deprecation-2.3.1.tgz",
      "integrity": "sha512-xmHIy4F3scKVwMsQ4WnVaS8bHOx0DmVwRywosKhaILI0ywMDWPtBSku2HNxRvF7jtwDRsoEwYQSfbxj8b7RlJQ=="
    },
    "node_modules/dotenv": {
      "version": "11.0.0",
      "resolved": "https://registry.npmjs.org/dotenv/-/dotenv-11.0.0.tgz",
      "integrity": "sha512-Fp/b504Y5W+e+FpCxTFMUZ7ZEQkQYF0rx+KZtmwixJxGQbLHrhCwo3FjZgNC8vIfrSi29PABNbMoCGD9YoiXbQ==",
      "dev": true,
      "engines": {
        "node": ">=12"
      }
    },
    "node_modules/ecdsa-sig-formatter": {
      "version": "1.0.11",
      "resolved": "https://registry.npmjs.org/ecdsa-sig-formatter/-/ecdsa-sig-formatter-1.0.11.tgz",
      "integrity": "sha512-nagl3RYrbNv6kQkeJIpt6NJZy8twLB/2vtz6yN9Z4vRKHN4/QZJIEbqohALSgwKdnksuY3k5Addp5lg8sVoVcQ==",
      "dependencies": {
        "safe-buffer": "^5.0.1"
      }
    },
    "node_modules/es5-ext": {
      "version": "0.10.53",
      "resolved": "https://registry.npmjs.org/es5-ext/-/es5-ext-0.10.53.tgz",
      "integrity": "sha512-Xs2Stw6NiNHWypzRTY1MtaG/uJlwCk8kH81920ma8mvN8Xq1gsfhZvpkImLQArw8AHnv8MT2I45J3c0R8slE+Q==",
      "dependencies": {
        "es6-iterator": "~2.0.3",
        "es6-symbol": "~3.1.3",
        "next-tick": "~1.0.0"
      }
    },
    "node_modules/es6-iterator": {
      "version": "2.0.3",
      "resolved": "https://registry.npmjs.org/es6-iterator/-/es6-iterator-2.0.3.tgz",
      "integrity": "sha1-p96IkUGgWpSwhUQDstCg+/qY87c=",
      "dependencies": {
        "d": "1",
        "es5-ext": "^0.10.35",
        "es6-symbol": "^3.1.1"
      }
    },
    "node_modules/es6-symbol": {
      "version": "3.1.3",
      "resolved": "https://registry.npmjs.org/es6-symbol/-/es6-symbol-3.1.3.tgz",
      "integrity": "sha512-NJ6Yn3FuDinBaBRWl/q5X/s4koRHBrgKAu+yGI6JCBeiu3qrcbJhwT2GeR/EXVfylRk8dpQVJoLEFhK+Mu31NA==",
      "dependencies": {
        "d": "^1.0.1",
        "ext": "^1.1.2"
      }
    },
    "node_modules/ext": {
      "version": "1.5.0",
      "resolved": "https://registry.npmjs.org/ext/-/ext-1.5.0.tgz",
      "integrity": "sha512-+ONcYoWj/SoQwUofMr94aGu05Ou4FepKi7N7b+O8T4jVfyIsZQV1/xeS8jpaBzF0csAk0KLXoHCxU7cKYZjo1Q==",
      "dependencies": {
        "type": "^2.5.0"
      }
    },
    "node_modules/ext/node_modules/type": {
      "version": "2.5.0",
      "resolved": "https://registry.npmjs.org/type/-/type-2.5.0.tgz",
      "integrity": "sha512-180WMDQaIMm3+7hGXWf12GtdniDEy7nYcyFMKJn/eZz/6tSLXrUN9V0wKSbMjej0I1WHWbpREDEKHtqPQa9NNw=="
    },
    "node_modules/fromentries": {
      "version": "1.3.2",
      "resolved": "https://registry.npmjs.org/fromentries/-/fromentries-1.3.2.tgz",
      "integrity": "sha512-cHEpEQHUg0f8XdtZCc2ZAhrHzKzT0MrFUTcvx+hfxYu7rGMDc5SKoXFh+n4YigxsHXRzc6OrCshdR1bWH6HHyg==",
      "funding": [
        {
          "type": "github",
          "url": "https://github.com/sponsors/feross"
        },
        {
          "type": "patreon",
          "url": "https://www.patreon.com/feross"
        },
        {
          "type": "consulting",
          "url": "https://feross.org/support"
        }
      ]
    },
    "node_modules/indent-string": {
      "version": "4.0.0",
      "resolved": "https://registry.npmjs.org/indent-string/-/indent-string-4.0.0.tgz",
      "integrity": "sha512-EdDDZu4A2OyIK7Lr/2zG+w5jmbuk1DVBnEwREQvBzspBJkCEbRa8GxU1lghYcaGJCnRWibjDXlq779X1/y5xwg==",
      "engines": {
        "node": ">=8"
      }
    },
    "node_modules/is-plain-object": {
      "version": "5.0.0",
      "resolved": "https://registry.npmjs.org/is-plain-object/-/is-plain-object-5.0.0.tgz",
      "integrity": "sha512-VRSzKkbMm5jMDoKLbltAkFQ5Qr7VDiTFGXxYFXXowVj387GeGNOCsOH6Msy00SGZ3Fp84b1Naa1psqgcCIEP5Q==",
      "engines": {
        "node": ">=0.10.0"
      }
    },
    "node_modules/is-typedarray": {
      "version": "1.0.0",
      "resolved": "https://registry.npmjs.org/is-typedarray/-/is-typedarray-1.0.0.tgz",
      "integrity": "sha1-5HnICFjfDBsR3dppQPlgEfzaSpo="
    },
    "node_modules/jsonwebtoken": {
      "version": "8.5.1",
      "resolved": "https://registry.npmjs.org/jsonwebtoken/-/jsonwebtoken-8.5.1.tgz",
      "integrity": "sha512-XjwVfRS6jTMsqYs0EsuJ4LGxXV14zQybNd4L2r0UvbVnSF9Af8x7p5MzbJ90Ioz/9TI41/hTCvznF/loiSzn8w==",
      "dependencies": {
        "jws": "^3.2.2",
        "lodash.includes": "^4.3.0",
        "lodash.isboolean": "^3.0.3",
        "lodash.isinteger": "^4.0.4",
        "lodash.isnumber": "^3.0.3",
        "lodash.isplainobject": "^4.0.6",
        "lodash.isstring": "^4.0.1",
        "lodash.once": "^4.0.0",
        "ms": "^2.1.1",
        "semver": "^5.6.0"
      },
      "engines": {
        "node": ">=4",
        "npm": ">=1.4.28"
      }
    },
    "node_modules/jwa": {
      "version": "1.4.1",
      "resolved": "https://registry.npmjs.org/jwa/-/jwa-1.4.1.tgz",
      "integrity": "sha512-qiLX/xhEEFKUAJ6FiBMbes3w9ATzyk5W7Hvzpa/SLYdxNtng+gcurvrI7TbACjIXlsJyr05/S1oUhZrc63evQA==",
      "dependencies": {
        "buffer-equal-constant-time": "1.0.1",
        "ecdsa-sig-formatter": "1.0.11",
        "safe-buffer": "^5.0.1"
      }
    },
    "node_modules/jws": {
      "version": "3.2.2",
      "resolved": "https://registry.npmjs.org/jws/-/jws-3.2.2.tgz",
      "integrity": "sha512-YHlZCB6lMTllWDtSPHz/ZXTsi8S00usEV6v1tjq8tOUZzw7DpSDWVXjXDre6ed1w/pd495ODpHZYSdkRTsa0HA==",
      "dependencies": {
        "jwa": "^1.4.1",
        "safe-buffer": "^5.0.1"
      }
    },
    "node_modules/lodash.includes": {
      "version": "4.3.0",
      "resolved": "https://registry.npmjs.org/lodash.includes/-/lodash.includes-4.3.0.tgz",
      "integrity": "sha1-YLuYqHy5I8aMoeUTJUgzFISfVT8="
    },
    "node_modules/lodash.isboolean": {
      "version": "3.0.3",
      "resolved": "https://registry.npmjs.org/lodash.isboolean/-/lodash.isboolean-3.0.3.tgz",
      "integrity": "sha1-bC4XHbKiV82WgC/UOwGyDV9YcPY="
    },
    "node_modules/lodash.isinteger": {
      "version": "4.0.4",
      "resolved": "https://registry.npmjs.org/lodash.isinteger/-/lodash.isinteger-4.0.4.tgz",
      "integrity": "sha1-YZwK89A/iwTDH1iChAt3sRzWg0M="
    },
    "node_modules/lodash.isnumber": {
      "version": "3.0.3",
      "resolved": "https://registry.npmjs.org/lodash.isnumber/-/lodash.isnumber-3.0.3.tgz",
      "integrity": "sha1-POdoEMWSjQM1IwGsKHMX8RwLH/w="
    },
    "node_modules/lodash.isplainobject": {
      "version": "4.0.6",
      "resolved": "https://registry.npmjs.org/lodash.isplainobject/-/lodash.isplainobject-4.0.6.tgz",
      "integrity": "sha1-fFJqUtibRcRcxpC4gWO+BJf1UMs="
    },
    "node_modules/lodash.isstring": {
      "version": "4.0.1",
      "resolved": "https://registry.npmjs.org/lodash.isstring/-/lodash.isstring-4.0.1.tgz",
      "integrity": "sha1-1SfftUVuynzJu5XV2ur4i6VKVFE="
    },
    "node_modules/lodash.once": {
      "version": "4.1.1",
      "resolved": "https://registry.npmjs.org/lodash.once/-/lodash.once-4.1.1.tgz",
      "integrity": "sha1-DdOXEhPHxW34gJd9UEyI+0cal6w="
    },
    "node_modules/lru-cache": {
      "version": "6.0.0",
      "resolved": "https://registry.npmjs.org/lru-cache/-/lru-cache-6.0.0.tgz",
      "integrity": "sha512-Jo6dJ04CmSjuznwJSS3pUeWmd/H0ffTlkXXgwZi+eq1UCmqQwCh+eLsYOYCwY991i2Fah4h1BEMCx4qThGbsiA==",
      "dependencies": {
        "yallist": "^4.0.0"
      },
      "engines": {
        "node": ">=10"
      }
    },
    "node_modules/ms": {
      "version": "2.1.3",
      "resolved": "https://registry.npmjs.org/ms/-/ms-2.1.3.tgz",
      "integrity": "sha512-6FlzubTLZG3J2a/NVCAleEhjzq5oxgHyaCU9yYXvcLsvoVaHJq/s5xXI6/XXP6tz7R9xAOtHnSO/tXtF3WRTlA=="
    },
    "node_modules/next-tick": {
      "version": "1.0.0",
      "resolved": "https://registry.npmjs.org/next-tick/-/next-tick-1.0.0.tgz",
      "integrity": "sha1-yobR/ogoFpsBICCOPchCS524NCw="
    },
    "node_modules/node-fetch": {
      "version": "2.6.1",
      "resolved": "https://registry.npmjs.org/node-fetch/-/node-fetch-2.6.1.tgz",
      "integrity": "sha512-V4aYg89jEoVRxRb2fJdAg8FHvI7cEyYdVAh94HH0UIK8oJxUfkjlDQN9RbMx+bEjP7+ggMiFRprSti032Oipxw==",
      "engines": {
        "node": "4.x || >=6.0.0"
      }
    },
    "node_modules/node-gyp-build": {
      "version": "4.2.3",
      "resolved": "https://registry.npmjs.org/node-gyp-build/-/node-gyp-build-4.2.3.tgz",
      "integrity": "sha512-MN6ZpzmfNCRM+3t57PTJHgHyw/h4OWnZ6mR8P5j/uZtqQr46RRuDE/P+g3n0YR/AiYXeWixZZzaip77gdICfRg==",
      "bin": {
        "node-gyp-build": "bin.js",
        "node-gyp-build-optional": "optional.js",
        "node-gyp-build-test": "build-test.js"
      }
    },
    "node_modules/octokit": {
      "version": "1.1.0",
      "resolved": "https://registry.npmjs.org/octokit/-/octokit-1.1.0.tgz",
      "integrity": "sha512-S5MiFD9NgrFRFJkcnGPaLvI4FdIkzJj3+j7uYR/tSfaFSGHi8cgX77HXF/JCpETClYC69cDYrEzQAwHYkhACyg==",
      "dependencies": {
        "@octokit/app": "^12.0.0",
        "@octokit/core": "^3.3.1",
        "@octokit/oauth-app": "^3.3.0",
        "@octokit/plugin-paginate-rest": "^2.13.3",
        "@octokit/plugin-rest-endpoint-methods": "^5.0.0",
        "@octokit/plugin-retry": "^3.0.8",
        "@octokit/plugin-throttling": "^3.4.3",
        "@octokit/types": "^6.16.1"
      }
    },
    "node_modules/once": {
      "version": "1.4.0",
      "resolved": "https://registry.npmjs.org/once/-/once-1.4.0.tgz",
      "integrity": "sha1-WDsap3WWHUsROsF9nFC6753Xa9E=",
      "dependencies": {
        "wrappy": "1"
      }
    },
    "node_modules/safe-buffer": {
      "version": "5.2.1",
      "resolved": "https://registry.npmjs.org/safe-buffer/-/safe-buffer-5.2.1.tgz",
      "integrity": "sha512-rp3So07KcdmmKbGvgaNxQSJr7bGVSVk5S9Eq1F+ppbRo70+YeaDxkw5Dd8NPN+GD6bjnYm2VuPuCXmpuYvmCXQ==",
      "funding": [
        {
          "type": "github",
          "url": "https://github.com/sponsors/feross"
        },
        {
          "type": "patreon",
          "url": "https://www.patreon.com/feross"
        },
        {
          "type": "consulting",
          "url": "https://feross.org/support"
        }
      ]
    },
    "node_modules/semver": {
      "version": "5.7.1",
      "resolved": "https://registry.npmjs.org/semver/-/semver-5.7.1.tgz",
      "integrity": "sha512-sauaDf/PZdVgrLTNYHRtpXa1iRiKcaebiKQ1BJdpQlWH2lCvexQdX55snPFyK7QzpudqbCI0qXFfOasHdyNDGQ==",
      "bin": {
        "semver": "bin/semver"
      }
    },
    "node_modules/type": {
      "version": "1.2.0",
      "resolved": "https://registry.npmjs.org/type/-/type-1.2.0.tgz",
      "integrity": "sha512-+5nt5AAniqsCnu2cEQQdpzCAh33kVx8n0VoFidKpB1dVVLAN/F+bgVOqOJqOnEnrhp222clB5p3vUlD+1QAnfg=="
    },
    "node_modules/typedarray-to-buffer": {
      "version": "3.1.5",
      "resolved": "https://registry.npmjs.org/typedarray-to-buffer/-/typedarray-to-buffer-3.1.5.tgz",
      "integrity": "sha512-zdu8XMNEDepKKR+XYOXAVPtWui0ly0NtohUscw+UmaHiAWT8hrV1rr//H6V+0DvJ3OQ19S979M0laLfX8rm82Q==",
      "dependencies": {
        "is-typedarray": "^1.0.0"
      }
    },
    "node_modules/universal-github-app-jwt": {
      "version": "1.1.0",
      "resolved": "https://registry.npmjs.org/universal-github-app-jwt/-/universal-github-app-jwt-1.1.0.tgz",
      "integrity": "sha512-3b+ocAjjz4JTyqaOT+NNBd5BtTuvJTxWElIoeHSVelUV9J3Jp7avmQTdLKCaoqi/5Ox2o/q+VK19TJ233rVXVQ==",
      "dependencies": {
        "@types/jsonwebtoken": "^8.3.3",
        "jsonwebtoken": "^8.5.1"
      }
    },
    "node_modules/universal-user-agent": {
      "version": "6.0.0",
      "resolved": "https://registry.npmjs.org/universal-user-agent/-/universal-user-agent-6.0.0.tgz",
      "integrity": "sha512-isyNax3wXoKaulPDZWHQqbmIx1k2tb9fb3GGDBRxCscfYV2Ch7WxPArBsFEG8s/safwXTT7H4QGhaIkTp9447w=="
    },
    "node_modules/utf-8-validate": {
      "version": "5.0.5",
      "resolved": "https://registry.npmjs.org/utf-8-validate/-/utf-8-validate-5.0.5.tgz",
      "integrity": "sha512-+pnxRYsS/axEpkrrEpzYfNZGXp0IjC/9RIxwM5gntY4Koi8SHmUGSfxfWqxZdRxrtaoVstuOzUp/rbs3JSPELQ==",
      "hasInstallScript": true,
      "dependencies": {
        "node-gyp-build": "^4.2.0"
      }
    },
    "node_modules/websocket": {
      "version": "1.0.34",
      "resolved": "https://registry.npmjs.org/websocket/-/websocket-1.0.34.tgz",
      "integrity": "sha512-PRDso2sGwF6kM75QykIesBijKSVceR6jL2G8NGYyq2XrItNC2P5/qL5XeR056GhA+Ly7JMFvJb9I312mJfmqnQ==",
      "dependencies": {
        "bufferutil": "^4.0.1",
        "debug": "^2.2.0",
        "es5-ext": "^0.10.50",
        "typedarray-to-buffer": "^3.1.5",
        "utf-8-validate": "^5.0.2",
        "yaeti": "^0.0.6"
      },
      "engines": {
        "node": ">=4.0.0"
      }
    },
    "node_modules/wrappy": {
      "version": "1.0.2",
      "resolved": "https://registry.npmjs.org/wrappy/-/wrappy-1.0.2.tgz",
      "integrity": "sha1-tSQ9jz7BqjXxNkYFvA0QNuMKtp8="
    },
    "node_modules/yaeti": {
      "version": "0.0.6",
      "resolved": "https://registry.npmjs.org/yaeti/-/yaeti-0.0.6.tgz",
      "integrity": "sha1-8m9ITXJoTPQr7ft2lwqhYI+/lXc=",
      "engines": {
        "node": ">=0.10.32"
      }
    },
    "node_modules/yallist": {
      "version": "4.0.0",
      "resolved": "https://registry.npmjs.org/yallist/-/yallist-4.0.0.tgz",
      "integrity": "sha512-3wdGidZyq5PB084XLES5TpOSRA3wjXAlIWMhum2kRcv/41Sn2emQ0dycQW4uZXLejwKvg6EsvbdlVL+FYEct7A=="
    }
  }
}
